
Microsoft Visual Studio Solution File, Format Version 12.00
# Visual Studio Version 16
VisualStudioVersion = 16.0.31105.61
MinimumVisualStudioVersion = 10.0.40219.1
Project("{9A19103F-16F7-4668-BE54-9A1E7A4F7556}") = "Problem2", "Problem2\Problem2.csproj", "{AA252DB0-98EE-4DF6-9270-F1F0C5C43AA0}"
EndProject
Project("{9A19103F-16F7-4668-BE54-9A1E7A4F7556}") = "Problem3", "Problem3\Problem3.csproj", "{CC54CBF8-B944-475F-AC14-CC9D74B5C047}"
EndProject
Project("{9A19103F-16F7-4668-BE54-9A1E7A4F7556}") = "Problem4", "Problem4\Problem4.csproj", "{B8C9240E-2204-4138-88F6-2291BF9F8E07}"
EndProject
Project("{FAE04EC0-301F-11D3-BF4B-00C04F79EFBC}") = "Problem1", "Problem1\Problem1.csproj", "{212B5B50-DB14-40AD-A04D-9AD9AF24E650}"
EndProject
Global
	GlobalSection(SolutionConfigurationPlatforms) = preSolution
		Debug|Any CPU = Debug|Any CPU
		Release|Any CPU = Release|Any CPU
	EndGlobalSection
	GlobalSection(ProjectConfigurationPlatforms) = postSolution
		{AA252DB0-98EE-4DF6-9270-F1F0C5C43AA0}.Debug|Any CPU.ActiveCfg = Debug|Any CPU
		{AA252DB0-98EE-4DF6-9270-F1F0C5C43AA0}.Debug|Any CPU.Build.0 = Debug|Any CPU
		{AA252DB0-98EE-4DF6-9270-F1F0C5C43AA0}.Release|Any CPU.ActiveCfg = Release|Any CPU
		{AA252DB0-98EE-4DF6-9270-F1F0C5C43AA0}.Release|Any CPU.Build.0 = Release|Any CPU
		{CC54CBF8-B944-475F-AC14-CC9D74B5C047}.Debug|Any CPU.ActiveCfg = Debug|Any CPU
		{CC54CBF8-B944-475F-AC14-CC9D74B5C047}.Debug|Any CPU.Build.0 = Debug|Any CPU
		{CC54CBF8-B944-475F-AC14-CC9D74B5C047}.Release|Any CPU.ActiveCfg = Release|Any CPU
		{CC54CBF8-B944-475F-AC14-CC9D74B5C047}.Release|Any CPU.Build.0 = Release|Any CPU
		{B8C9240E-2204-4138-88F6-2291BF9F8E07}.Debug|Any CPU.ActiveCfg = Debug|Any CPU
		{B8C9240E-2204-4138-88F6-2291BF9F8E07}.Debug|Any CPU.Build.0 = Debug|Any CPU
		{B8C9240E-2204-4138-88F6-2291BF9F8E07}.Release|Any CPU.ActiveCfg = Release|Any CPU
		{B8C9240E-2204-4138-88F6-2291BF9F8E07}.Release|Any CPU.Build.0 = Release|Any CPU
		{212B5B50-DB14-40AD-A04D-9AD9AF24E650}.Debug|Any CPU.ActiveCfg = Debug|Any CPU
		{212B5B50-DB14-40AD-A04D-9AD9AF24E650}.Debug|Any CPU.Build.0 = Debug|Any CPU
		{212B5B50-DB14-40AD-A04D-9AD9AF24E650}.Release|Any CPU.ActiveCfg = Release|Any CPU
		{212B5B50-DB14-40AD-A04D-9AD9AF24E650}.Release|Any CPU.Build.0 = Release|Any CPU
	EndGlobalSection
	GlobalSection(SolutionProperties) = preSolution
		HideSolutionNode = FALSE
	EndGlobalSection
	GlobalSection(ExtensibilityGlobals) = postSolution
		SolutionGuid = {E7E6C061-7D4D-4FF7-811B-9C6AB1EC983E}
	EndGlobalSection
EndGlobal
